
Microsoft Visual Studio Solution File, Format Version 12.00
# Visual Studio 15
VisualStudioVersion = 15.0.26124.0
MinimumVisualStudioVersion = 15.0.26124.0
Project("{2150E333-8FDC-42A3-9474-1A3956D46DE8}") = "src", "src", "{5F36A6F4-73B7-4890-92F4-E599448BEB78}"
EndProject
Project("{2150E333-8FDC-42A3-9474-1A3956D46DE8}") = "tests", "tests", "{DF814ECF-2270-4A34-9EF5-DA70B54BC436}"
EndProject
Project("{9A19103F-16F7-4668-BE54-9A1E7A4F7556}") = "Core", "src\Core\Core.csproj", "{47D26F2A-9B72-46DD-AC4A-41005AF91F6F}"
EndProject
Project("{9A19103F-16F7-4668-BE54-9A1E7A4F7556}") = "Infrastructure", "src\Infrastructure\Infrastructure.csproj", "{1B2D4FF0-D05D-469A-9A6F-926890747018}"
EndProject
Project("{9A19103F-16F7-4668-BE54-9A1E7A4F7556}") = "Web", "src\Web\Web.csproj", "{0A5B49AA-7669-4EC8-9963-5F4278F45665}"
EndProject
Project("{9A19103F-16F7-4668-BE54-9A1E7A4F7556}") = "IdentityServer", "src\IdentityServer\IdentityServer.csproj", "{AEA35F09-82FF-4F4B-A247-8536D343964B}"
EndProject
Project("{9A19103F-16F7-4668-BE54-9A1E7A4F7556}") = "Client", "src\Client\Client.csproj", "{5A334CAB-A0DC-4AF8-AAD7-C9F691210E48}"
EndProject
Project("{9A19103F-16F7-4668-BE54-9A1E7A4F7556}") = "Api", "src\Api\Api.csproj", "{991ADD7C-A45B-4F9B-B18D-1B4B115FF210}"
EndProject
Project("{9A19103F-16F7-4668-BE54-9A1E7A4F7556}") = "Services", "src\Services\Services.csproj", "{94015B82-5DE4-4542-891F-0F96232AD92F}"
EndProject
Global
	GlobalSection(SolutionConfigurationPlatforms) = preSolution
		Debug|Any CPU = Debug|Any CPU
		Release|Any CPU = Release|Any CPU
		Test|Any CPU = Test|Any CPU
	EndGlobalSection
	GlobalSection(ProjectConfigurationPlatforms) = postSolution
		{47D26F2A-9B72-46DD-AC4A-41005AF91F6F}.Debug|Any CPU.ActiveCfg = Debug|Any CPU
		{47D26F2A-9B72-46DD-AC4A-41005AF91F6F}.Debug|Any CPU.Build.0 = Debug|Any CPU
		{47D26F2A-9B72-46DD-AC4A-41005AF91F6F}.Release|Any CPU.ActiveCfg = Release|Any CPU
		{47D26F2A-9B72-46DD-AC4A-41005AF91F6F}.Release|Any CPU.Build.0 = Release|Any CPU
		{47D26F2A-9B72-46DD-AC4A-41005AF91F6F}.Test|Any CPU.ActiveCfg = Release|Any CPU
		{47D26F2A-9B72-46DD-AC4A-41005AF91F6F}.Test|Any CPU.Build.0 = Release|Any CPU
		{1B2D4FF0-D05D-469A-9A6F-926890747018}.Debug|Any CPU.ActiveCfg = Debug|Any CPU
		{1B2D4FF0-D05D-469A-9A6F-926890747018}.Debug|Any CPU.Build.0 = Debug|Any CPU
		{1B2D4FF0-D05D-469A-9A6F-926890747018}.Release|Any CPU.ActiveCfg = Release|Any CPU
		{1B2D4FF0-D05D-469A-9A6F-926890747018}.Release|Any CPU.Build.0 = Release|Any CPU
		{1B2D4FF0-D05D-469A-9A6F-926890747018}.Test|Any CPU.ActiveCfg = Release|Any CPU
		{1B2D4FF0-D05D-469A-9A6F-926890747018}.Test|Any CPU.Build.0 = Release|Any CPU
		{0A5B49AA-7669-4EC8-9963-5F4278F45665}.Debug|Any CPU.ActiveCfg = Debug|Any CPU
		{0A5B49AA-7669-4EC8-9963-5F4278F45665}.Debug|Any CPU.Build.0 = Debug|Any CPU
		{0A5B49AA-7669-4EC8-9963-5F4278F45665}.Release|Any CPU.ActiveCfg = Release|Any CPU
		{0A5B49AA-7669-4EC8-9963-5F4278F45665}.Release|Any CPU.Build.0 = Release|Any CPU
		{0A5B49AA-7669-4EC8-9963-5F4278F45665}.Test|Any CPU.ActiveCfg = Release|Any CPU
		{0A5B49AA-7669-4EC8-9963-5F4278F45665}.Test|Any CPU.Build.0 = Release|Any CPU
		{AEA35F09-82FF-4F4B-A247-8536D343964B}.Debug|Any CPU.ActiveCfg = Debug|Any CPU
		{AEA35F09-82FF-4F4B-A247-8536D343964B}.Debug|Any CPU.Build.0 = Debug|Any CPU
		{AEA35F09-82FF-4F4B-A247-8536D343964B}.Release|Any CPU.ActiveCfg = Release|Any CPU
		{AEA35F09-82FF-4F4B-A247-8536D343964B}.Release|Any CPU.Build.0 = Release|Any CPU
		{AEA35F09-82FF-4F4B-A247-8536D343964B}.Test|Any CPU.ActiveCfg = Release|Any CPU
		{AEA35F09-82FF-4F4B-A247-8536D343964B}.Test|Any CPU.Build.0 = Release|Any CPU
		{5A334CAB-A0DC-4AF8-AAD7-C9F691210E48}.Debug|Any CPU.ActiveCfg = Debug|Any CPU
		{5A334CAB-A0DC-4AF8-AAD7-C9F691210E48}.Debug|Any CPU.Build.0 = Debug|Any CPU
		{5A334CAB-A0DC-4AF8-AAD7-C9F691210E48}.Release|Any CPU.ActiveCfg = Release|Any CPU
		{5A334CAB-A0DC-4AF8-AAD7-C9F691210E48}.Release|Any CPU.Build.0 = Release|Any CPU
		{5A334CAB-A0DC-4AF8-AAD7-C9F691210E48}.Test|Any CPU.ActiveCfg = Release|Any CPU
		{5A334CAB-A0DC-4AF8-AAD7-C9F691210E48}.Test|Any CPU.Build.0 = Release|Any CPU
		{991ADD7C-A45B-4F9B-B18D-1B4B115FF210}.Debug|Any CPU.ActiveCfg = Debug|Any CPU
		{991ADD7C-A45B-4F9B-B18D-1B4B115FF210}.Debug|Any CPU.Build.0 = Debug|Any CPU
		{991ADD7C-A45B-4F9B-B18D-1B4B115FF210}.Release|Any CPU.ActiveCfg = Release|Any CPU
		{991ADD7C-A45B-4F9B-B18D-1B4B115FF210}.Release|Any CPU.Build.0 = Release|Any CPU
		{991ADD7C-A45B-4F9B-B18D-1B4B115FF210}.Test|Any CPU.ActiveCfg = Release|Any CPU
		{991ADD7C-A45B-4F9B-B18D-1B4B115FF210}.Test|Any CPU.Build.0 = Release|Any CPU
		{94015B82-5DE4-4542-891F-0F96232AD92F}.Debug|Any CPU.ActiveCfg = Debug|Any CPU
		{94015B82-5DE4-4542-891F-0F96232AD92F}.Debug|Any CPU.Build.0 = Debug|Any CPU
		{94015B82-5DE4-4542-891F-0F96232AD92F}.Release|Any CPU.ActiveCfg = Release|Any CPU
		{94015B82-5DE4-4542-891F-0F96232AD92F}.Release|Any CPU.Build.0 = Release|Any CPU
		{94015B82-5DE4-4542-891F-0F96232AD92F}.Test|Any CPU.ActiveCfg = Debug|Any CPU
		{94015B82-5DE4-4542-891F-0F96232AD92F}.Test|Any CPU.Build.0 = Debug|Any CPU
	EndGlobalSection
	GlobalSection(SolutionProperties) = preSolution
		HideSolutionNode = FALSE
	EndGlobalSection
	GlobalSection(NestedProjects) = preSolution
		{47D26F2A-9B72-46DD-AC4A-41005AF91F6F} = {5F36A6F4-73B7-4890-92F4-E599448BEB78}
		{1B2D4FF0-D05D-469A-9A6F-926890747018} = {5F36A6F4-73B7-4890-92F4-E599448BEB78}
		{0A5B49AA-7669-4EC8-9963-5F4278F45665} = {5F36A6F4-73B7-4890-92F4-E599448BEB78}
		{AEA35F09-82FF-4F4B-A247-8536D343964B} = {5F36A6F4-73B7-4890-92F4-E599448BEB78}
		{5A334CAB-A0DC-4AF8-AAD7-C9F691210E48} = {5F36A6F4-73B7-4890-92F4-E599448BEB78}
		{991ADD7C-A45B-4F9B-B18D-1B4B115FF210} = {5F36A6F4-73B7-4890-92F4-E599448BEB78}
		{94015B82-5DE4-4542-891F-0F96232AD92F} = {5F36A6F4-73B7-4890-92F4-E599448BEB78}
	EndGlobalSection
	GlobalSection(ExtensibilityGlobals) = postSolution
		SolutionGuid = {55A75B2B-6E6A-4E8A-98DE-1394D933380E}
	EndGlobalSection
EndGlobal
